
Microsoft Visual Studio Solution File, Format Version 12.00
# Visual Studio Version 17
VisualStudioVersion = 17.5.33502.453
MinimumVisualStudioVersion = 10.0.40219.1
Project("{FAE04EC0-301F-11D3-BF4B-00C04F79EFBC}") = "uas final", "uas final\uas final.csproj", "{D8554B9E-D7D1-447F-9386-9CFDD0488AD8}"
EndProject
Global
	GlobalSection(SolutionConfigurationPlatforms) = preSolution
		Debug|Any CPU = Debug|Any CPU
		Release|Any CPU = Release|Any CPU
	EndGlobalSection
	GlobalSection(ProjectConfigurationPlatforms) = postSolution
		{D8554B9E-D7D1-447F-9386-9CFDD0488AD8}.Debug|Any CPU.ActiveCfg = Debug|Any CPU
		{D8554B9E-D7D1-447F-9386-9CFDD0488AD8}.Debug|Any CPU.Build.0 = Debug|Any CPU
		{D8554B9E-D7D1-447F-9386-9CFDD0488AD8}.Release|Any CPU.ActiveCfg = Release|Any CPU
		{D8554B9E-D7D1-447F-9386-9CFDD0488AD8}.Release|Any CPU.Build.0 = Release|Any CPU
	EndGlobalSection
	GlobalSection(SolutionProperties) = preSolution
		HideSolutionNode = FALSE
	EndGlobalSection
	GlobalSection(ExtensibilityGlobals) = postSolution
		SolutionGuid = {619B6DF2-5E60-446D-BB05-8DF4C247EAD5}
	EndGlobalSection
EndGlobal
